
Microsoft Visual Studio Solution File, Format Version 12.00
# Visual Studio Version 17
VisualStudioVersion = 17.0.31903.59
MinimumVisualStudioVersion = 10.0.40219.1
Project("{FAE04EC0-301F-11D3-BF4B-00C04F79EFBC}") = "API", "API\API.csproj", "{B6CC700B-3580-4D78-9703-5A6116C4E1A0}"
EndProject
Project("{FAE04EC0-301F-11D3-BF4B-00C04F79EFBC}") = "Application", "Application\Application.csproj", "{C861E755-8351-41B9-A17E-D95D8E9DD3DB}"
EndProject
Project("{FAE04EC0-301F-11D3-BF4B-00C04F79EFBC}") = "Domain", "Domain\Domain.csproj", "{EEF0EC87-BE8A-4D14-9D36-7AD3DE92BADB}"
EndProject
Project("{FAE04EC0-301F-11D3-BF4B-00C04F79EFBC}") = "Persistence", "Persistence\Persistence.csproj", "{1585A779-CE83-4C0E-9582-6F383BC508F1}"
EndProject
Global
	GlobalSection(SolutionConfigurationPlatforms) = preSolution
		Debug|Any CPU = Debug|Any CPU
		Release|Any CPU = Release|Any CPU
	EndGlobalSection
	GlobalSection(SolutionProperties) = preSolution
		HideSolutionNode = FALSE
	EndGlobalSection
	GlobalSection(ProjectConfigurationPlatforms) = postSolution
		{B6CC700B-3580-4D78-9703-5A6116C4E1A0}.Debug|Any CPU.ActiveCfg = Debug|Any CPU
		{B6CC700B-3580-4D78-9703-5A6116C4E1A0}.Debug|Any CPU.Build.0 = Debug|Any CPU
		{B6CC700B-3580-4D78-9703-5A6116C4E1A0}.Release|Any CPU.ActiveCfg = Release|Any CPU
		{B6CC700B-3580-4D78-9703-5A6116C4E1A0}.Release|Any CPU.Build.0 = Release|Any CPU
		{C861E755-8351-41B9-A17E-D95D8E9DD3DB}.Debug|Any CPU.ActiveCfg = Debug|Any CPU
		{C861E755-8351-41B9-A17E-D95D8E9DD3DB}.Debug|Any CPU.Build.0 = Debug|Any CPU
		{C861E755-8351-41B9-A17E-D95D8E9DD3DB}.Release|Any CPU.ActiveCfg = Release|Any CPU
		{C861E755-8351-41B9-A17E-D95D8E9DD3DB}.Release|Any CPU.Build.0 = Release|Any CPU
		{EEF0EC87-BE8A-4D14-9D36-7AD3DE92BADB}.Debug|Any CPU.ActiveCfg = Debug|Any CPU
		{EEF0EC87-BE8A-4D14-9D36-7AD3DE92BADB}.Debug|Any CPU.Build.0 = Debug|Any CPU
		{EEF0EC87-BE8A-4D14-9D36-7AD3DE92BADB}.Release|Any CPU.ActiveCfg = Release|Any CPU
		{EEF0EC87-BE8A-4D14-9D36-7AD3DE92BADB}.Release|Any CPU.Build.0 = Release|Any CPU
		{1585A779-CE83-4C0E-9582-6F383BC508F1}.Debug|Any CPU.ActiveCfg = Debug|Any CPU
		{1585A779-CE83-4C0E-9582-6F383BC508F1}.Debug|Any CPU.Build.0 = Debug|Any CPU
		{1585A779-CE83-4C0E-9582-6F383BC508F1}.Release|Any CPU.ActiveCfg = Release|Any CPU
		{1585A779-CE83-4C0E-9582-6F383BC508F1}.Release|Any CPU.Build.0 = Release|Any CPU
	EndGlobalSection
EndGlobal
